// !$*UTF8*$!
{
	archiveVersion = 1;
	classes = {
	};
	objectVersion = 51;
	objects = {

/* Begin PBXBuildFile section */
		149DB5898B5FCEC28957A7D3 /* Pods_COCO.framework in Frameworks */ = {isa = PBXBuildFile; fileRef = 1C22C526EE213604B3F84E0F /* Pods_COCO.framework */; };
		348A9D0F25E84C84005B7D73 /* AppDelegate.swift in Sources */ = {isa = PBXBuildFile; fileRef = 348A9D0E25E84C84005B7D73 /* AppDelegate.swift */; };
		348A9D1125E84C84005B7D73 /* SceneDelegate.swift in Sources */ = {isa = PBXBuildFile; fileRef = 348A9D1025E84C84005B7D73 /* SceneDelegate.swift */; };
		348A9D1825E84C85005B7D73 /* Assets.xcassets in Resources */ = {isa = PBXBuildFile; fileRef = 348A9D1725E84C85005B7D73 /* Assets.xcassets */; };
		348A9D1B25E84C85005B7D73 /* LaunchScreen.storyboard in Resources */ = {isa = PBXBuildFile; fileRef = 348A9D1925E84C85005B7D73 /* LaunchScreen.storyboard */; };
		348A9D2625E84C86005B7D73 /* COCOTests.swift in Sources */ = {isa = PBXBuildFile; fileRef = 348A9D2525E84C86005B7D73 /* COCOTests.swift */; };
		348A9D3125E84C86005B7D73 /* COCOUITests.swift in Sources */ = {isa = PBXBuildFile; fileRef = 348A9D3025E84C86005B7D73 /* COCOUITests.swift */; };
		348A9D9F25E8503F005B7D73 /* MainView.xib in Resources */ = {isa = PBXBuildFile; fileRef = 348A9D9E25E8503F005B7D73 /* MainView.xib */; };
		348A9DA425E85047005B7D73 /* MainView.swift in Sources */ = {isa = PBXBuildFile; fileRef = 348A9DA325E85047005B7D73 /* MainView.swift */; };
		348A9DAA25E8512F005B7D73 /* DefaultContainer.swift in Sources */ = {isa = PBXBuildFile; fileRef = 348A9DA925E8512F005B7D73 /* DefaultContainer.swift */; };
		348A9DB625E8523B005B7D73 /* AppCoordinator.swift in Sources */ = {isa = PBXBuildFile; fileRef = 348A9DB525E8523B005B7D73 /* AppCoordinator.swift */; };
		348A9DBE25E8524D005B7D73 /* Coordinator.swift in Sources */ = {isa = PBXBuildFile; fileRef = 348A9DBD25E8524D005B7D73 /* Coordinator.swift */; };
		348A9DD725E864B2005B7D73 /* MainViewModel.swift in Sources */ = {isa = PBXBuildFile; fileRef = 348A9DD625E864B2005B7D73 /* MainViewModel.swift */; };
		348A9DE925E86939005B7D73 /* COCORouter.swift in Sources */ = {isa = PBXBuildFile; fileRef = 348A9DE825E86939005B7D73 /* COCORouter.swift */; };
		348A9DF125E86940005B7D73 /* COCOService.swift in Sources */ = {isa = PBXBuildFile; fileRef = 348A9DF025E86940005B7D73 /* COCOService.swift */; };
		348A9DF625E8694F005B7D73 /* COCOServiceImplmentation.swift in Sources */ = {isa = PBXBuildFile; fileRef = 348A9DF525E8694F005B7D73 /* COCOServiceImplmentation.swift */; };
		348A9DFB25E8697B005B7D73 /* Constant.swift in Sources */ = {isa = PBXBuildFile; fileRef = 348A9DFA25E8697B005B7D73 /* Constant.swift */; };
		348A9E1125E87A7C005B7D73 /* COCORepository.swift in Sources */ = {isa = PBXBuildFile; fileRef = 348A9E1025E87A7C005B7D73 /* COCORepository.swift */; };
		348A9E1A25E87AD1005B7D73 /* ImageResponse.swift in Sources */ = {isa = PBXBuildFile; fileRef = 348A9E1925E87AD1005B7D73 /* ImageResponse.swift */; };
		348A9E1F25E87CD5005B7D73 /* COCORepositoryImplementation.swift in Sources */ = {isa = PBXBuildFile; fileRef = 348A9E1E25E87CD5005B7D73 /* COCORepositoryImplementation.swift */; };
		348A9E2525E88349005B7D73 /* NSObject+Rx.swift in Sources */ = {isa = PBXBuildFile; fileRef = 348A9E2425E88349005B7D73 /* NSObject+Rx.swift */; };
		348A9E2B25E8B566005B7D73 /* LocalStorage.swift in Sources */ = {isa = PBXBuildFile; fileRef = 348A9E2A25E8B566005B7D73 /* LocalStorage.swift */; };
		348A9E3025E8B68A005B7D73 /* LocalStorageImplementation.swift in Sources */ = {isa = PBXBuildFile; fileRef = 348A9E2F25E8B68A005B7D73 /* LocalStorageImplementation.swift */; };
		349EBAC925EE8BC1009C9717 /* COCOCollectionView.swift in Sources */ = {isa = PBXBuildFile; fileRef = 349EBAC825EE8BC1009C9717 /* COCOCollectionView.swift */; };
		34A290C625E9665E00C9DFFA /* COCOCollectionViewCell.swift in Sources */ = {isa = PBXBuildFile; fileRef = 34A290C525E9665E00C9DFFA /* COCOCollectionViewCell.swift */; };
		34A290CB25E9666D00C9DFFA /* COCOCollectionViewCell.xib in Resources */ = {isa = PBXBuildFile; fileRef = 34A290CA25E9666D00C9DFFA /* COCOCollectionViewCell.xib */; };
		34A290F325E97D4000C9DFFA /* UICollectionViewLayout+.swift in Sources */ = {isa = PBXBuildFile; fileRef = 34A290F225E97D4000C9DFFA /* UICollectionViewLayout+.swift */; };
		34A290FB25E99D7700C9DFFA /* UIScrollView+.swift in Sources */ = {isa = PBXBuildFile; fileRef = 34A290FA25E99D7700C9DFFA /* UIScrollView+.swift */; };
		34A2910025E99DA200C9DFFA /* COCOFooterSupplementaryView.swift in Sources */ = {isa = PBXBuildFile; fileRef = 34A290FF25E99DA200C9DFFA /* COCOFooterSupplementaryView.swift */; };
		34A2910525E99DB600C9DFFA /* COCOFooterSupplementaryView.xib in Resources */ = {isa = PBXBuildFile; fileRef = 34A2910425E99DB600C9DFFA /* COCOFooterSupplementaryView.xib */; };
		34A37CC925EFDBE7009D8EC7 /* COCOHeaderSupplementaryView.xib in Resources */ = {isa = PBXBuildFile; fileRef = 34A37CC825EFDBE7009D8EC7 /* COCOHeaderSupplementaryView.xib */; };
		34A37CD125EFDC5E009D8EC7 /* COCOHeaderSupplementaryView.swift in Sources */ = {isa = PBXBuildFile; fileRef = 34A37CD025EFDC5E009D8EC7 /* COCOHeaderSupplementaryView.swift */; };
		34A554E325EAC770003126B9 /* COCOCategoryCollectionViewCell.xib in Resources */ = {isa = PBXBuildFile; fileRef = 34A554E225EAC770003126B9 /* COCOCategoryCollectionViewCell.xib */; };
		34A554E825EAC780003126B9 /* COCOCategoryCollectionViewCell.swift in Sources */ = {isa = PBXBuildFile; fileRef = 34A554E725EAC780003126B9 /* COCOCategoryCollectionViewCell.swift */; };
		34A554F325EADBE8003126B9 /* UIImage+.swift in Sources */ = {isa = PBXBuildFile; fileRef = 34A554F225EADBE8003126B9 /* UIImage+.swift */; };
		34AC94AF25ED442100B13001 /* COCOSearchController.swift in Sources */ = {isa = PBXBuildFile; fileRef = 34AC94AE25ED442100B13001 /* COCOSearchController.swift */; };
		34AC94B525ED444600B13001 /* COCOSearchResultTableController.swift in Sources */ = {isa = PBXBuildFile; fileRef = 34AC94B425ED444600B13001 /* COCOSearchResultTableController.swift */; };
		34AC94C525ED504600B13001 /* COCOCategoryTableViewCell.xib in Resources */ = {isa = PBXBuildFile; fileRef = 34AC94C425ED504600B13001 /* COCOCategoryTableViewCell.xib */; };
		34AC94CD25ED53DD00B13001 /* COCOCategoryTableViewCell.swift in Sources */ = {isa = PBXBuildFile; fileRef = 34AC94CC25ED53DD00B13001 /* COCOCategoryTableViewCell.swift */; };
		466D534F32393947A2CC76C9 /* Pods_COCO_COCOUITests.framework in Frameworks */ = {isa = PBXBuildFile; fileRef = 0BB150CF64465FD26B4FB2E2 /* Pods_COCO_COCOUITests.framework */; };
		CA74DC829FC416C3D7254450 /* Pods_COCOTests.framework in Frameworks */ = {isa = PBXBuildFile; fileRef = 4204A37BABB890517E2A762E /* Pods_COCOTests.framework */; };
/* End PBXBuildFile section */

/* Begin PBXContainerItemProxy section */
		348A9D2225E84C86005B7D73 /* PBXContainerItemProxy */ = {
			isa = PBXContainerItemProxy;
			containerPortal = 348A9D0325E84C84005B7D73 /* Project object */;
			proxyType = 1;
			remoteGlobalIDString = 348A9D0A25E84C84005B7D73;
			remoteInfo = COCO;
		};
		348A9D2D25E84C86005B7D73 /* PBXContainerItemProxy */ = {
			isa = PBXContainerItemProxy;
			containerPortal = 348A9D0325E84C84005B7D73 /* Project object */;
			proxyType = 1;
			remoteGlobalIDString = 348A9D0A25E84C84005B7D73;
			remoteInfo = COCO;
		};
/* End PBXContainerItemProxy section */

/* Begin PBXFileReference section */
		0BB150CF64465FD26B4FB2E2 /* Pods_COCO_COCOUITests.framework */ = {isa = PBXFileReference; explicitFileType = wrapper.framework; includeInIndex = 0; path = Pods_COCO_COCOUITests.framework; sourceTree = BUILT_PRODUCTS_DIR; };
		1C22C526EE213604B3F84E0F /* Pods_COCO.framework */ = {isa = PBXFileReference; explicitFileType = wrapper.framework; includeInIndex = 0; path = Pods_COCO.framework; sourceTree = BUILT_PRODUCTS_DIR; };
		2D86E9749787BACCF61EE82B /* Pods-COCOTests.debug.xcconfig */ = {isa = PBXFileReference; includeInIndex = 1; lastKnownFileType = text.xcconfig; name = "Pods-COCOTests.debug.xcconfig"; path = "Target Support Files/Pods-COCOTests/Pods-COCOTests.debug.xcconfig"; sourceTree = "<group>"; };
		348A9D0B25E84C84005B7D73 /* COCO.app */ = {isa = PBXFileReference; explicitFileType = wrapper.application; includeInIndex = 0; path = COCO.app; sourceTree = BUILT_PRODUCTS_DIR; };
		348A9D0E25E84C84005B7D73 /* AppDelegate.swift */ = {isa = PBXFileReference; lastKnownFileType = sourcecode.swift; path = AppDelegate.swift; sourceTree = "<group>"; };
		348A9D1025E84C84005B7D73 /* SceneDelegate.swift */ = {isa = PBXFileReference; lastKnownFileType = sourcecode.swift; path = SceneDelegate.swift; sourceTree = "<group>"; };
		348A9D1725E84C85005B7D73 /* Assets.xcassets */ = {isa = PBXFileReference; lastKnownFileType = folder.assetcatalog; path = Assets.xcassets; sourceTree = "<group>"; };
		348A9D1A25E84C85005B7D73 /* Base */ = {isa = PBXFileReference; lastKnownFileType = file.storyboard; name = Base; path = Base.lproj/LaunchScreen.storyboard; sourceTree = "<group>"; };
		348A9D1C25E84C85005B7D73 /* Info.plist */ = {isa = PBXFileReference; lastKnownFileType = text.plist.xml; path = Info.plist; sourceTree = "<group>"; };
		348A9D2125E84C86005B7D73 /* COCOTests.xctest */ = {isa = PBXFileReference; explicitFileType = wrapper.cfbundle; includeInIndex = 0; path = COCOTests.xctest; sourceTree = BUILT_PRODUCTS_DIR; };
		348A9D2525E84C86005B7D73 /* COCOTests.swift */ = {isa = PBXFileReference; lastKnownFileType = sourcecode.swift; path = COCOTests.swift; sourceTree = "<group>"; };
		348A9D2725E84C86005B7D73 /* Info.plist */ = {isa = PBXFileReference; lastKnownFileType = text.plist.xml; path = Info.plist; sourceTree = "<group>"; };
		348A9D2C25E84C86005B7D73 /* COCOUITests.xctest */ = {isa = PBXFileReference; explicitFileType = wrapper.cfbundle; includeInIndex = 0; path = COCOUITests.xctest; sourceTree = BUILT_PRODUCTS_DIR; };
		348A9D3025E84C86005B7D73 /* COCOUITests.swift */ = {isa = PBXFileReference; lastKnownFileType = sourcecode.swift; path = COCOUITests.swift; sourceTree = "<group>"; };
		348A9D3225E84C86005B7D73 /* Info.plist */ = {isa = PBXFileReference; lastKnownFileType = text.plist.xml; path = Info.plist; sourceTree = "<group>"; };
		348A9D9E25E8503F005B7D73 /* MainView.xib */ = {isa = PBXFileReference; lastKnownFileType = file.xib; path = MainView.xib; sourceTree = "<group>"; };
		348A9DA325E85047005B7D73 /* MainView.swift */ = {isa = PBXFileReference; lastKnownFileType = sourcecode.swift; path = MainView.swift; sourceTree = "<group>"; };
		348A9DA925E8512F005B7D73 /* DefaultContainer.swift */ = {isa = PBXFileReference; lastKnownFileType = sourcecode.swift; path = DefaultContainer.swift; sourceTree = "<group>"; };
		348A9DB525E8523B005B7D73 /* AppCoordinator.swift */ = {isa = PBXFileReference; lastKnownFileType = sourcecode.swift; path = AppCoordinator.swift; sourceTree = "<group>"; };
		348A9DBD25E8524D005B7D73 /* Coordinator.swift */ = {isa = PBXFileReference; lastKnownFileType = sourcecode.swift; path = Coordinator.swift; sourceTree = "<group>"; };
		348A9DD625E864B2005B7D73 /* MainViewModel.swift */ = {isa = PBXFileReference; lastKnownFileType = sourcecode.swift; path = MainViewModel.swift; sourceTree = "<group>"; };
		348A9DE825E86939005B7D73 /* COCORouter.swift */ = {isa = PBXFileReference; lastKnownFileType = sourcecode.swift; path = COCORouter.swift; sourceTree = "<group>"; };
		348A9DF025E86940005B7D73 /* COCOService.swift */ = {isa = PBXFileReference; lastKnownFileType = sourcecode.swift; path = COCOService.swift; sourceTree = "<group>"; };
		348A9DF525E8694F005B7D73 /* COCOServiceImplmentation.swift */ = {isa = PBXFileReference; lastKnownFileType = sourcecode.swift; path = COCOServiceImplmentation.swift; sourceTree = "<group>"; };
		348A9DFA25E8697B005B7D73 /* Constant.swift */ = {isa = PBXFileReference; lastKnownFileType = sourcecode.swift; path = Constant.swift; sourceTree = "<group>"; };
		348A9E1025E87A7C005B7D73 /* COCORepository.swift */ = {isa = PBXFileReference; lastKnownFileType = sourcecode.swift; path = COCORepository.swift; sourceTree = "<group>"; };
		348A9E1925E87AD1005B7D73 /* ImageResponse.swift */ = {isa = PBXFileReference; lastKnownFileType = sourcecode.swift; path = ImageResponse.swift; sourceTree = "<group>"; };
		348A9E1E25E87CD5005B7D73 /* COCORepositoryImplementation.swift */ = {isa = PBXFileReference; lastKnownFileType = sourcecode.swift; path = COCORepositoryImplementation.swift; sourceTree = "<group>"; };
		348A9E2425E88349005B7D73 /* NSObject+Rx.swift */ = {isa = PBXFileReference; lastKnownFileType = sourcecode.swift; path = "NSObject+Rx.swift"; sourceTree = "<group>"; };
		348A9E2A25E8B566005B7D73 /* LocalStorage.swift */ = {isa = PBXFileReference; lastKnownFileType = sourcecode.swift; path = LocalStorage.swift; sourceTree = "<group>"; };
		348A9E2F25E8B68A005B7D73 /* LocalStorageImplementation.swift */ = {isa = PBXFileReference; lastKnownFileType = sourcecode.swift; path = LocalStorageImplementation.swift; sourceTree = "<group>"; };
		349EBAC825EE8BC1009C9717 /* COCOCollectionView.swift */ = {isa = PBXFileReference; lastKnownFileType = sourcecode.swift; path = COCOCollectionView.swift; sourceTree = "<group>"; };
		34A290C525E9665E00C9DFFA /* COCOCollectionViewCell.swift */ = {isa = PBXFileReference; lastKnownFileType = sourcecode.swift; path = COCOCollectionViewCell.swift; sourceTree = "<group>"; };
		34A290CA25E9666D00C9DFFA /* COCOCollectionViewCell.xib */ = {isa = PBXFileReference; lastKnownFileType = file.xib; path = COCOCollectionViewCell.xib; sourceTree = "<group>"; };
		34A290F225E97D4000C9DFFA /* UICollectionViewLayout+.swift */ = {isa = PBXFileReference; lastKnownFileType = sourcecode.swift; path = "UICollectionViewLayout+.swift"; sourceTree = "<group>"; };
		34A290FA25E99D7700C9DFFA /* UIScrollView+.swift */ = {isa = PBXFileReference; lastKnownFileType = sourcecode.swift; path = "UIScrollView+.swift"; sourceTree = "<group>"; };
		34A290FF25E99DA200C9DFFA /* COCOFooterSupplementaryView.swift */ = {isa = PBXFileReference; lastKnownFileType = sourcecode.swift; path = COCOFooterSupplementaryView.swift; sourceTree = "<group>"; };
		34A2910425E99DB600C9DFFA /* COCOFooterSupplementaryView.xib */ = {isa = PBXFileReference; lastKnownFileType = file.xib; path = COCOFooterSupplementaryView.xib; sourceTree = "<group>"; };
		34A37CC825EFDBE7009D8EC7 /* COCOHeaderSupplementaryView.xib */ = {isa = PBXFileReference; lastKnownFileType = file.xib; path = COCOHeaderSupplementaryView.xib; sourceTree = "<group>"; };
		34A37CD025EFDC5E009D8EC7 /* COCOHeaderSupplementaryView.swift */ = {isa = PBXFileReference; lastKnownFileType = sourcecode.swift; path = COCOHeaderSupplementaryView.swift; sourceTree = "<group>"; };
		34A554E225EAC770003126B9 /* COCOCategoryCollectionViewCell.xib */ = {isa = PBXFileReference; lastKnownFileType = file.xib; path = COCOCategoryCollectionViewCell.xib; sourceTree = "<group>"; };
		34A554E725EAC780003126B9 /* COCOCategoryCollectionViewCell.swift */ = {isa = PBXFileReference; lastKnownFileType = sourcecode.swift; path = COCOCategoryCollectionViewCell.swift; sourceTree = "<group>"; };
		34A554F225EADBE8003126B9 /* UIImage+.swift */ = {isa = PBXFileReference; lastKnownFileType = sourcecode.swift; path = "UIImage+.swift"; sourceTree = "<group>"; };
		34AC94AE25ED442100B13001 /* COCOSearchController.swift */ = {isa = PBXFileReference; lastKnownFileType = sourcecode.swift; path = COCOSearchController.swift; sourceTree = "<group>"; };
		34AC94B425ED444600B13001 /* COCOSearchResultTableController.swift */ = {isa = PBXFileReference; lastKnownFileType = sourcecode.swift; path = COCOSearchResultTableController.swift; sourceTree = "<group>"; };
		34AC94C425ED504600B13001 /* COCOCategoryTableViewCell.xib */ = {isa = PBXFileReference; lastKnownFileType = file.xib; path = COCOCategoryTableViewCell.xib; sourceTree = "<group>"; };
		34AC94CC25ED53DD00B13001 /* COCOCategoryTableViewCell.swift */ = {isa = PBXFileReference; lastKnownFileType = sourcecode.swift; path = COCOCategoryTableViewCell.swift; sourceTree = "<group>"; };
		3557AA4AB0BA8FB971B08CF9 /* Pods-COCO.release.xcconfig */ = {isa = PBXFileReference; includeInIndex = 1; lastKnownFileType = text.xcconfig; name = "Pods-COCO.release.xcconfig"; path = "Target Support Files/Pods-COCO/Pods-COCO.release.xcconfig"; sourceTree = "<group>"; };
		4204A37BABB890517E2A762E /* Pods_COCOTests.framework */ = {isa = PBXFileReference; explicitFileType = wrapper.framework; includeInIndex = 0; path = Pods_COCOTests.framework; sourceTree = BUILT_PRODUCTS_DIR; };
		4E29A6D12BB835D5E78E5A70 /* Pods-COCO-COCOUITests.release.xcconfig */ = {isa = PBXFileReference; includeInIndex = 1; lastKnownFileType = text.xcconfig; name = "Pods-COCO-COCOUITests.release.xcconfig"; path = "Target Support Files/Pods-COCO-COCOUITests/Pods-COCO-COCOUITests.release.xcconfig"; sourceTree = "<group>"; };
		56E8EBC76640BB29472F3842 /* Pods-COCO-COCOUITests.debug.xcconfig */ = {isa = PBXFileReference; includeInIndex = 1; lastKnownFileType = text.xcconfig; name = "Pods-COCO-COCOUITests.debug.xcconfig"; path = "Target Support Files/Pods-COCO-COCOUITests/Pods-COCO-COCOUITests.debug.xcconfig"; sourceTree = "<group>"; };
		C261057B8D846AEAF3F72CDF /* Pods-COCOTests.release.xcconfig */ = {isa = PBXFileReference; includeInIndex = 1; lastKnownFileType = text.xcconfig; name = "Pods-COCOTests.release.xcconfig"; path = "Target Support Files/Pods-COCOTests/Pods-COCOTests.release.xcconfig"; sourceTree = "<group>"; };
		D45A8F4FF9950678F4E828D1 /* Pods-COCO.debug.xcconfig */ = {isa = PBXFileReference; includeInIndex = 1; lastKnownFileType = text.xcconfig; name = "Pods-COCO.debug.xcconfig"; path = "Target Support Files/Pods-COCO/Pods-COCO.debug.xcconfig"; sourceTree = "<group>"; };
/* End PBXFileReference section */

/* Begin PBXFrameworksBuildPhase section */
		348A9D0825E84C84005B7D73 /* Frameworks */ = {
			isa = PBXFrameworksBuildPhase;
			buildActionMask = 2147483647;
			files = (
				149DB5898B5FCEC28957A7D3 /* Pods_COCO.framework in Frameworks */,
			);
			runOnlyForDeploymentPostprocessing = 0;
		};
		348A9D1E25E84C86005B7D73 /* Frameworks */ = {
			isa = PBXFrameworksBuildPhase;
			buildActionMask = 2147483647;
			files = (
				CA74DC829FC416C3D7254450 /* Pods_COCOTests.framework in Frameworks */,
			);
			runOnlyForDeploymentPostprocessing = 0;
		};
		348A9D2925E84C86005B7D73 /* Frameworks */ = {
			isa = PBXFrameworksBuildPhase;
			buildActionMask = 2147483647;
			files = (
				466D534F32393947A2CC76C9 /* Pods_COCO_COCOUITests.framework in Frameworks */,
			);
			runOnlyForDeploymentPostprocessing = 0;
		};
/* End PBXFrameworksBuildPhase section */

/* Begin PBXGroup section */
		03C210F4A1653E92E9537E3A /* Frameworks */ = {
			isa = PBXGroup;
			children = (
				1C22C526EE213604B3F84E0F /* Pods_COCO.framework */,
				0BB150CF64465FD26B4FB2E2 /* Pods_COCO_COCOUITests.framework */,
				4204A37BABB890517E2A762E /* Pods_COCOTests.framework */,
			);
			name = Frameworks;
			sourceTree = "<group>";
		};
		348A9D0225E84C84005B7D73 = {
			isa = PBXGroup;
			children = (
				348A9D0D25E84C84005B7D73 /* COCO */,
				348A9D2425E84C86005B7D73 /* COCOTests */,
				348A9D2F25E84C86005B7D73 /* COCOUITests */,
				348A9D0C25E84C84005B7D73 /* Products */,
				4F4A7B85078B4FD63CBE3D39 /* Pods */,
				03C210F4A1653E92E9537E3A /* Frameworks */,
			);
			sourceTree = "<group>";
		};
		348A9D0C25E84C84005B7D73 /* Products */ = {
			isa = PBXGroup;
			children = (
				348A9D0B25E84C84005B7D73 /* COCO.app */,
				348A9D2125E84C86005B7D73 /* COCOTests.xctest */,
				348A9D2C25E84C86005B7D73 /* COCOUITests.xctest */,
			);
			name = Products;
			sourceTree = "<group>";
		};
		348A9D0D25E84C84005B7D73 /* COCO */ = {
			isa = PBXGroup;
			children = (
				348A9E2925E8B552005B7D73 /* Storage */,
				348A9E2325E8833B005B7D73 /* Extensions */,
				348A9E1825E87AC1005B7D73 /* Model */,
				348A9E0F25E87A6D005B7D73 /* Repositories */,
				348A9DFF25E86984005B7D73 /* Utils */,
				348A9DE725E8692D005B7D73 /* Service */,
				348A9DB425E8522E005B7D73 /* Coordinator */,
				348A9DA825E85123005B7D73 /* Container */,
				348A9D9C25E85017005B7D73 /* Modules */,
				348A9D0E25E84C84005B7D73 /* AppDelegate.swift */,
				348A9D1025E84C84005B7D73 /* SceneDelegate.swift */,
				348A9D1725E84C85005B7D73 /* Assets.xcassets */,
				348A9D1925E84C85005B7D73 /* LaunchScreen.storyboard */,
				348A9D1C25E84C85005B7D73 /* Info.plist */,
			);
			path = COCO;
			sourceTree = "<group>";
		};
		348A9D2425E84C86005B7D73 /* COCOTests */ = {
			isa = PBXGroup;
			children = (
				348A9D2525E84C86005B7D73 /* COCOTests.swift */,
				348A9D2725E84C86005B7D73 /* Info.plist */,
			);
			path = COCOTests;
			sourceTree = "<group>";
		};
		348A9D2F25E84C86005B7D73 /* COCOUITests */ = {
			isa = PBXGroup;
			children = (
				348A9D3025E84C86005B7D73 /* COCOUITests.swift */,
				348A9D3225E84C86005B7D73 /* Info.plist */,
			);
			path = COCOUITests;
			sourceTree = "<group>";
		};
		348A9D9C25E85017005B7D73 /* Modules */ = {
			isa = PBXGroup;
			children = (
				34AC94B325ED442E00B13001 /* Search */,
				34A290CF25E9667300C9DFFA /* Custom Views */,
				348A9D9D25E8502C005B7D73 /* Main */,
			);
			path = Modules;
			sourceTree = "<group>";
		};
		348A9D9D25E8502C005B7D73 /* Main */ = {
			isa = PBXGroup;
			children = (
				348A9D9E25E8503F005B7D73 /* MainView.xib */,
				348A9DA325E85047005B7D73 /* MainView.swift */,
				348A9DD625E864B2005B7D73 /* MainViewModel.swift */,
			);
			path = Main;
			sourceTree = "<group>";
		};
		348A9DA825E85123005B7D73 /* Container */ = {
			isa = PBXGroup;
			children = (
				348A9DA925E8512F005B7D73 /* DefaultContainer.swift */,
			);
			path = Container;
			sourceTree = "<group>";
		};
		348A9DB425E8522E005B7D73 /* Coordinator */ = {
			isa = PBXGroup;
			children = (
				348A9DB525E8523B005B7D73 /* AppCoordinator.swift */,
				348A9DBD25E8524D005B7D73 /* Coordinator.swift */,
			);
			path = Coordinator;
			sourceTree = "<group>";
		};
		348A9DE725E8692D005B7D73 /* Service */ = {
			isa = PBXGroup;
			children = (
				348A9DE825E86939005B7D73 /* COCORouter.swift */,
				348A9DF025E86940005B7D73 /* COCOService.swift */,
				348A9DF525E8694F005B7D73 /* COCOServiceImplmentation.swift */,
			);
			path = Service;
			sourceTree = "<group>";
		};
		348A9DFF25E86984005B7D73 /* Utils */ = {
			isa = PBXGroup;
			children = (
				348A9DFA25E8697B005B7D73 /* Constant.swift */,
			);
			path = Utils;
			sourceTree = "<group>";
		};
		348A9E0F25E87A6D005B7D73 /* Repositories */ = {
			isa = PBXGroup;
			children = (
				348A9E1025E87A7C005B7D73 /* COCORepository.swift */,
				348A9E1E25E87CD5005B7D73 /* COCORepositoryImplementation.swift */,
			);
			path = Repositories;
			sourceTree = "<group>";
		};
		348A9E1825E87AC1005B7D73 /* Model */ = {
			isa = PBXGroup;
			children = (
				348A9E1925E87AD1005B7D73 /* ImageResponse.swift */,
			);
			path = Model;
			sourceTree = "<group>";
		};
		348A9E2325E8833B005B7D73 /* Extensions */ = {
			isa = PBXGroup;
			children = (
				348A9E2425E88349005B7D73 /* NSObject+Rx.swift */,
				34A290F225E97D4000C9DFFA /* UICollectionViewLayout+.swift */,
				34A290FA25E99D7700C9DFFA /* UIScrollView+.swift */,
				34A554F225EADBE8003126B9 /* UIImage+.swift */,
			);
			path = Extensions;
			sourceTree = "<group>";
		};
		348A9E2925E8B552005B7D73 /* Storage */ = {
			isa = PBXGroup;
			children = (
				348A9E2A25E8B566005B7D73 /* LocalStorage.swift */,
				348A9E2F25E8B68A005B7D73 /* LocalStorageImplementation.swift */,
			);
			path = Storage;
			sourceTree = "<group>";
		};
		34A290CF25E9667300C9DFFA /* Custom Views */ = {
			isa = PBXGroup;
			children = (
				34A37CD525F00641009D8EC7 /* Xibs */,
				349EBAC825EE8BC1009C9717 /* COCOCollectionView.swift */,
				34AC94CC25ED53DD00B13001 /* COCOCategoryTableViewCell.swift */,
				34A554E725EAC780003126B9 /* COCOCategoryCollectionViewCell.swift */,
				34A290C525E9665E00C9DFFA /* COCOCollectionViewCell.swift */,
				34A290FF25E99DA200C9DFFA /* COCOFooterSupplementaryView.swift */,
				34A37CD025EFDC5E009D8EC7 /* COCOHeaderSupplementaryView.swift */,
			);
			path = "Custom Views";
			sourceTree = "<group>";
		};
		34A37CD525F00641009D8EC7 /* Xibs */ = {
			isa = PBXGroup;
			children = (
				34AC94C425ED504600B13001 /* COCOCategoryTableViewCell.xib */,
				34A554E225EAC770003126B9 /* COCOCategoryCollectionViewCell.xib */,
				34A290CA25E9666D00C9DFFA /* COCOCollectionViewCell.xib */,
				34A2910425E99DB600C9DFFA /* COCOFooterSupplementaryView.xib */,
				34A37CC825EFDBE7009D8EC7 /* COCOHeaderSupplementaryView.xib */,
			);
			path = Xibs;
			sourceTree = "<group>";
		};
		34AC94B325ED442E00B13001 /* Search */ = {
			isa = PBXGroup;
			children = (
				34AC94AE25ED442100B13001 /* COCOSearchController.swift */,
				34AC94B425ED444600B13001 /* COCOSearchResultTableController.swift */,
			);
			path = Search;
			sourceTree = "<group>";
		};
		4F4A7B85078B4FD63CBE3D39 /* Pods */ = {
			isa = PBXGroup;
			children = (
				D45A8F4FF9950678F4E828D1 /* Pods-COCO.debug.xcconfig */,
				3557AA4AB0BA8FB971B08CF9 /* Pods-COCO.release.xcconfig */,
				56E8EBC76640BB29472F3842 /* Pods-COCO-COCOUITests.debug.xcconfig */,
				4E29A6D12BB835D5E78E5A70 /* Pods-COCO-COCOUITests.release.xcconfig */,
				2D86E9749787BACCF61EE82B /* Pods-COCOTests.debug.xcconfig */,
				C261057B8D846AEAF3F72CDF /* Pods-COCOTests.release.xcconfig */,
			);
			path = Pods;
			sourceTree = "<group>";
		};
/* End PBXGroup section */

/* Begin PBXNativeTarget section */
		348A9D0A25E84C84005B7D73 /* COCO */ = {
			isa = PBXNativeTarget;
			buildConfigurationList = 348A9D3525E84C86005B7D73 /* Build configuration list for PBXNativeTarget "COCO" */;
			buildPhases = (
				746049F758F9004BEFA4DEF8 /* [CP] Check Pods Manifest.lock */,
				348A9D0725E84C84005B7D73 /* Sources */,
				348A9D0825E84C84005B7D73 /* Frameworks */,
				348A9D0925E84C84005B7D73 /* Resources */,
				3669D9811B1EE12A011BEC61 /* [CP] Embed Pods Frameworks */,
			);
			buildRules = (
			);
			dependencies = (
			);
			name = COCO;
			productName = COCO;
			productReference = 348A9D0B25E84C84005B7D73 /* COCO.app */;
			productType = "com.apple.product-type.application";
		};
		348A9D2025E84C86005B7D73 /* COCOTests */ = {
			isa = PBXNativeTarget;
			buildConfigurationList = 348A9D3825E84C86005B7D73 /* Build configuration list for PBXNativeTarget "COCOTests" */;
			buildPhases = (
				5D07C256DB6B9963C6EAA6ED /* [CP] Check Pods Manifest.lock */,
				348A9D1D25E84C86005B7D73 /* Sources */,
				348A9D1E25E84C86005B7D73 /* Frameworks */,
				348A9D1F25E84C86005B7D73 /* Resources */,
			);
			buildRules = (
			);
			dependencies = (
				348A9D2325E84C86005B7D73 /* PBXTargetDependency */,
			);
			name = COCOTests;
			productName = COCOTests;
			productReference = 348A9D2125E84C86005B7D73 /* COCOTests.xctest */;
			productType = "com.apple.product-type.bundle.unit-test";
		};
		348A9D2B25E84C86005B7D73 /* COCOUITests */ = {
			isa = PBXNativeTarget;
			buildConfigurationList = 348A9D3B25E84C86005B7D73 /* Build configuration list for PBXNativeTarget "COCOUITests" */;
			buildPhases = (
				BB2C76F6DCA0D8815F7BE187 /* [CP] Check Pods Manifest.lock */,
				348A9D2825E84C86005B7D73 /* Sources */,
				348A9D2925E84C86005B7D73 /* Frameworks */,
				348A9D2A25E84C86005B7D73 /* Resources */,
				AAA2CC77E15896EBD14F0F17 /* [CP] Embed Pods Frameworks */,
			);
			buildRules = (
			);
			dependencies = (
				348A9D2E25E84C86005B7D73 /* PBXTargetDependency */,
			);
			name = COCOUITests;
			productName = COCOUITests;
			productReference = 348A9D2C25E84C86005B7D73 /* COCOUITests.xctest */;
			productType = "com.apple.product-type.bundle.ui-testing";
		};
/* End PBXNativeTarget section */

/* Begin PBXProject section */
		348A9D0325E84C84005B7D73 /* Project object */ = {
			isa = PBXProject;
			attributes = {
				LastSwiftUpdateCheck = 1240;
				LastUpgradeCheck = 1240;
				TargetAttributes = {
					348A9D0A25E84C84005B7D73 = {
						CreatedOnToolsVersion = 12.4;
					};
					348A9D2025E84C86005B7D73 = {
						CreatedOnToolsVersion = 12.4;
						TestTargetID = 348A9D0A25E84C84005B7D73;
					};
					348A9D2B25E84C86005B7D73 = {
						CreatedOnToolsVersion = 12.4;
						TestTargetID = 348A9D0A25E84C84005B7D73;
					};
				};
			};
			buildConfigurationList = 348A9D0625E84C84005B7D73 /* Build configuration list for PBXProject "COCO" */;
			compatibilityVersion = "Xcode 9.3";
			developmentRegion = en;
			hasScannedForEncodings = 0;
			knownRegions = (
				en,
				Base,
			);
			mainGroup = 348A9D0225E84C84005B7D73;
			productRefGroup = 348A9D0C25E84C84005B7D73 /* Products */;
			projectDirPath = "";
			projectRoot = "";
			targets = (
				348A9D0A25E84C84005B7D73 /* COCO */,
				348A9D2025E84C86005B7D73 /* COCOTests */,
				348A9D2B25E84C86005B7D73 /* COCOUITests */,
			);
		};
/* End PBXProject section */

/* Begin PBXResourcesBuildPhase section */
		348A9D0925E84C84005B7D73 /* Resources */ = {
			isa = PBXResourcesBuildPhase;
			buildActionMask = 2147483647;
			files = (
				348A9D1B25E84C85005B7D73 /* LaunchScreen.storyboard in Resources */,
				34A37CC925EFDBE7009D8EC7 /* COCOHeaderSupplementaryView.xib in Resources */,
				34A2910525E99DB600C9DFFA /* COCOFooterSupplementaryView.xib in Resources */,
				348A9D9F25E8503F005B7D73 /* MainView.xib in Resources */,
				34A290CB25E9666D00C9DFFA /* COCOCollectionViewCell.xib in Resources */,
				34AC94C525ED504600B13001 /* COCOCategoryTableViewCell.xib in Resources */,
				34A554E325EAC770003126B9 /* COCOCategoryCollectionViewCell.xib in Resources */,
				348A9D1825E84C85005B7D73 /* Assets.xcassets in Resources */,
			);
			runOnlyForDeploymentPostprocessing = 0;
		};
		348A9D1F25E84C86005B7D73 /* Resources */ = {
			isa = PBXResourcesBuildPhase;
			buildActionMask = 2147483647;
			files = (
			);
			runOnlyForDeploymentPostprocessing = 0;
		};
		348A9D2A25E84C86005B7D73 /* Resources */ = {
			isa = PBXResourcesBuildPhase;
			buildActionMask = 2147483647;
			files = (
			);
			runOnlyForDeploymentPostprocessing = 0;
		};
/* End PBXResourcesBuildPhase section */

/* Begin PBXShellScriptBuildPhase section */
		3669D9811B1EE12A011BEC61 /* [CP] Embed Pods Frameworks */ = {
			isa = PBXShellScriptBuildPhase;
			buildActionMask = 2147483647;
			files = (
			);
			inputFileListPaths = (
				"${PODS_ROOT}/Target Support Files/Pods-COCO/Pods-COCO-frameworks-${CONFIGURATION}-input-files.xcfilelist",
			);
			name = "[CP] Embed Pods Frameworks";
			outputFileListPaths = (
				"${PODS_ROOT}/Target Support Files/Pods-COCO/Pods-COCO-frameworks-${CONFIGURATION}-output-files.xcfilelist",
			);
			runOnlyForDeploymentPostprocessing = 0;
			shellPath = /bin/sh;
			shellScript = "\"${PODS_ROOT}/Target Support Files/Pods-COCO/Pods-COCO-frameworks.sh\"\n";
			showEnvVarsInLog = 0;
		};
		5D07C256DB6B9963C6EAA6ED /* [CP] Check Pods Manifest.lock */ = {
			isa = PBXShellScriptBuildPhase;
			buildActionMask = 2147483647;
			files = (
			);
			inputFileListPaths = (
			);
			inputPaths = (
				"${PODS_PODFILE_DIR_PATH}/Podfile.lock",
				"${PODS_ROOT}/Manifest.lock",
			);
			name = "[CP] Check Pods Manifest.lock";
			outputFileListPaths = (
			);
			outputPaths = (
				"$(DERIVED_FILE_DIR)/Pods-COCOTests-checkManifestLockResult.txt",
			);
			runOnlyForDeploymentPostprocessing = 0;
			shellPath = /bin/sh;
			shellScript = "diff \"${PODS_PODFILE_DIR_PATH}/Podfile.lock\" \"${PODS_ROOT}/Manifest.lock\" > /dev/null\nif [ $? != 0 ] ; then\n    # print error to STDERR\n    echo \"error: The sandbox is not in sync with the Podfile.lock. Run 'pod install' or update your CocoaPods installation.\" >&2\n    exit 1\nfi\n# This output is used by Xcode 'outputs' to avoid re-running this script phase.\necho \"SUCCESS\" > \"${SCRIPT_OUTPUT_FILE_0}\"\n";
			showEnvVarsInLog = 0;
		};
		746049F758F9004BEFA4DEF8 /* [CP] Check Pods Manifest.lock */ = {
			isa = PBXShellScriptBuildPhase;
			buildActionMask = 2147483647;
			files = (
			);
			inputFileListPaths = (
			);
			inputPaths = (
				"${PODS_PODFILE_DIR_PATH}/Podfile.lock",
				"${PODS_ROOT}/Manifest.lock",
			);
			name = "[CP] Check Pods Manifest.lock";
			outputFileListPaths = (
			);
			outputPaths = (
				"$(DERIVED_FILE_DIR)/Pods-COCO-checkManifestLockResult.txt",
			);
			runOnlyForDeploymentPostprocessing = 0;
			shellPath = /bin/sh;
			shellScript = "diff \"${PODS_PODFILE_DIR_PATH}/Podfile.lock\" \"${PODS_ROOT}/Manifest.lock\" > /dev/null\nif [ $? != 0 ] ; then\n    # print error to STDERR\n    echo \"error: The sandbox is not in sync with the Podfile.lock. Run 'pod install' or update your CocoaPods installation.\" >&2\n    exit 1\nfi\n# This output is used by Xcode 'outputs' to avoid re-running this script phase.\necho \"SUCCESS\" > \"${SCRIPT_OUTPUT_FILE_0}\"\n";
			showEnvVarsInLog = 0;
		};
		AAA2CC77E15896EBD14F0F17 /* [CP] Embed Pods Frameworks */ = {
			isa = PBXShellScriptBuildPhase;
			buildActionMask = 2147483647;
			files = (
			);
			inputFileListPaths = (
				"${PODS_ROOT}/Target Support Files/Pods-COCO-COCOUITests/Pods-COCO-COCOUITests-frameworks-${CONFIGURATION}-input-files.xcfilelist",
			);
			name = "[CP] Embed Pods Frameworks";
			outputFileListPaths = (
				"${PODS_ROOT}/Target Support Files/Pods-COCO-COCOUITests/Pods-COCO-COCOUITests-frameworks-${CONFIGURATION}-output-files.xcfilelist",
			);
			runOnlyForDeploymentPostprocessing = 0;
			shellPath = /bin/sh;
			shellScript = "\"${PODS_ROOT}/Target Support Files/Pods-COCO-COCOUITests/Pods-COCO-COCOUITests-frameworks.sh\"\n";
			showEnvVarsInLog = 0;
		};
		BB2C76F6DCA0D8815F7BE187 /* [CP] Check Pods Manifest.lock */ = {
			isa = PBXShellScriptBuildPhase;
			buildActionMask = 2147483647;
			files = (
			);
			inputFileListPaths = (
			);
			inputPaths = (
				"${PODS_PODFILE_DIR_PATH}/Podfile.lock",
				"${PODS_ROOT}/Manifest.lock",
			);
			name = "[CP] Check Pods Manifest.lock";
			outputFileListPaths = (
			);
			outputPaths = (
				"$(DERIVED_FILE_DIR)/Pods-COCO-COCOUITests-checkManifestLockResult.txt",
			);
			runOnlyForDeploymentPostprocessing = 0;
			shellPath = /bin/sh;
			shellScript = "diff \"${PODS_PODFILE_DIR_PATH}/Podfile.lock\" \"${PODS_ROOT}/Manifest.lock\" > /dev/null\nif [ $? != 0 ] ; then\n    # print error to STDERR\n    echo \"error: The sandbox is not in sync with the Podfile.lock. Run 'pod install' or update your CocoaPods installation.\" >&2\n    exit 1\nfi\n# This output is used by Xcode 'outputs' to avoid re-running this script phase.\necho \"SUCCESS\" > \"${SCRIPT_OUTPUT_FILE_0}\"\n";
			showEnvVarsInLog = 0;
		};
/* End PBXShellScriptBuildPhase section */

/* Begin PBXSourcesBuildPhase section */
		348A9D0725E84C84005B7D73 /* Sources */ = {
			isa = PBXSourcesBuildPhase;
			buildActionMask = 2147483647;
			files = (
				34AC94B525ED444600B13001 /* COCOSearchResultTableController.swift in Sources */,
				348A9E1A25E87AD1005B7D73 /* ImageResponse.swift in Sources */,
				348A9DE925E86939005B7D73 /* COCORouter.swift in Sources */,
				348A9DD725E864B2005B7D73 /* MainViewModel.swift in Sources */,
				34AC94AF25ED442100B13001 /* COCOSearchController.swift in Sources */,
				348A9DA425E85047005B7D73 /* MainView.swift in Sources */,
				349EBAC925EE8BC1009C9717 /* COCOCollectionView.swift in Sources */,
				348A9D0F25E84C84005B7D73 /* AppDelegate.swift in Sources */,
				34A554F325EADBE8003126B9 /* UIImage+.swift in Sources */,
				348A9DBE25E8524D005B7D73 /* Coordinator.swift in Sources */,
				348A9E1125E87A7C005B7D73 /* COCORepository.swift in Sources */,
				348A9DF625E8694F005B7D73 /* COCOServiceImplmentation.swift in Sources */,
				34A290F325E97D4000C9DFFA /* UICollectionViewLayout+.swift in Sources */,
				348A9DF125E86940005B7D73 /* COCOService.swift in Sources */,
				34A554E825EAC780003126B9 /* COCOCategoryCollectionViewCell.swift in Sources */,
				348A9E1F25E87CD5005B7D73 /* COCORepositoryImplementation.swift in Sources */,
				34AC94CD25ED53DD00B13001 /* COCOCategoryTableViewCell.swift in Sources */,
				34A2910025E99DA200C9DFFA /* COCOFooterSupplementaryView.swift in Sources */,
				348A9DB625E8523B005B7D73 /* AppCoordinator.swift in Sources */,
				348A9E3025E8B68A005B7D73 /* LocalStorageImplementation.swift in Sources */,
				348A9DFB25E8697B005B7D73 /* Constant.swift in Sources */,
				348A9D1125E84C84005B7D73 /* SceneDelegate.swift in Sources */,
				348A9E2B25E8B566005B7D73 /* LocalStorage.swift in Sources */,
				348A9DAA25E8512F005B7D73 /* DefaultContainer.swift in Sources */,
				34A290FB25E99D7700C9DFFA /* UIScrollView+.swift in Sources */,
				34A290C625E9665E00C9DFFA /* COCOCollectionViewCell.swift in Sources */,
				348A9E2525E88349005B7D73 /* NSObject+Rx.swift in Sources */,
				34A37CD125EFDC5E009D8EC7 /* COCOHeaderSupplementaryView.swift in Sources */,
			);
			runOnlyForDeploymentPostprocessing = 0;
		};
		348A9D1D25E84C86005B7D73 /* Sources */ = {
			isa = PBXSourcesBuildPhase;
			buildActionMask = 2147483647;
			files = (
				348A9D2625E84C86005B7D73 /* COCOTests.swift in Sources */,
			);
			runOnlyForDeploymentPostprocessing = 0;
		};
		348A9D2825E84C86005B7D73 /* Sources */ = {
			isa = PBXSourcesBuildPhase;
			buildActionMask = 2147483647;
			files = (
				348A9D3125E84C86005B7D73 /* COCOUITests.swift in Sources */,
			);
			runOnlyForDeploymentPostprocessing = 0;
		};
/* End PBXSourcesBuildPhase section */

/* Begin PBXTargetDependency section */
		348A9D2325E84C86005B7D73 /* PBXTargetDependency */ = {
			isa = PBXTargetDependency;
			target = 348A9D0A25E84C84005B7D73 /* COCO */;
			targetProxy = 348A9D2225E84C86005B7D73 /* PBXContainerItemProxy */;
		};
		348A9D2E25E84C86005B7D73 /* PBXTargetDependency */ = {
			isa = PBXTargetDependency;
			target = 348A9D0A25E84C84005B7D73 /* COCO */;
			targetProxy = 348A9D2D25E84C86005B7D73 /* PBXContainerItemProxy */;
		};
/* End PBXTargetDependency section */

/* Begin PBXVariantGroup section */
		348A9D1925E84C85005B7D73 /* LaunchScreen.storyboard */ = {
			isa = PBXVariantGroup;
			children = (
				348A9D1A25E84C85005B7D73 /* Base */,
			);
			name = LaunchScreen.storyboard;
			sourceTree = "<group>";
		};
/* End PBXVariantGroup section */

/* Begin XCBuildConfiguration section */
		348A9D3325E84C86005B7D73 /* Debug */ = {
			isa = XCBuildConfiguration;
			buildSettings = {
				ALWAYS_EMBED_SWIFT_STANDARD_LIBRARIES = "$(inherited)";
				ALWAYS_SEARCH_USER_PATHS = NO;
				CLANG_ANALYZER_NONNULL = YES;
				CLANG_ANALYZER_NUMBER_OBJECT_CONVERSION = YES_AGGRESSIVE;
				CLANG_CXX_LANGUAGE_STANDARD = "gnu++14";
				CLANG_CXX_LIBRARY = "libc++";
				CLANG_ENABLE_MODULES = YES;
				CLANG_ENABLE_OBJC_ARC = YES;
				CLANG_ENABLE_OBJC_WEAK = YES;
				CLANG_WARN_BLOCK_CAPTURE_AUTORELEASING = YES;
				CLANG_WARN_BOOL_CONVERSION = YES;
				CLANG_WARN_COMMA = YES;
				CLANG_WARN_CONSTANT_CONVERSION = YES;
				CLANG_WARN_DEPRECATED_OBJC_IMPLEMENTATIONS = YES;
				CLANG_WARN_DIRECT_OBJC_ISA_USAGE = YES_ERROR;
				CLANG_WARN_DOCUMENTATION_COMMENTS = YES;
				CLANG_WARN_EMPTY_BODY = YES;
				CLANG_WARN_ENUM_CONVERSION = YES;
				CLANG_WARN_INFINITE_RECURSION = YES;
				CLANG_WARN_INT_CONVERSION = YES;
				CLANG_WARN_NON_LITERAL_NULL_CONVERSION = YES;
				CLANG_WARN_OBJC_IMPLICIT_RETAIN_SELF = YES;
				CLANG_WARN_OBJC_LITERAL_CONVERSION = YES;
				CLANG_WARN_OBJC_ROOT_CLASS = YES_ERROR;
				CLANG_WARN_QUOTED_INCLUDE_IN_FRAMEWORK_HEADER = YES;
				CLANG_WARN_RANGE_LOOP_ANALYSIS = YES;
				CLANG_WARN_STRICT_PROTOTYPES = YES;
				CLANG_WARN_SUSPICIOUS_MOVE = YES;
				CLANG_WARN_UNGUARDED_AVAILABILITY = YES_AGGRESSIVE;
				CLANG_WARN_UNREACHABLE_CODE = YES;
				CLANG_WARN__DUPLICATE_METHOD_MATCH = YES;
				COPY_PHASE_STRIP = NO;
				DEBUG_INFORMATION_FORMAT = dwarf;
				ENABLE_STRICT_OBJC_MSGSEND = YES;
				ENABLE_TESTABILITY = YES;
				GCC_C_LANGUAGE_STANDARD = gnu11;
				GCC_DYNAMIC_NO_PIC = NO;
				GCC_NO_COMMON_BLOCKS = YES;
				GCC_OPTIMIZATION_LEVEL = 0;
				GCC_PREPROCESSOR_DEFINITIONS = (
					"DEBUG=1",
					"$(inherited)",
				);
				GCC_WARN_64_TO_32_BIT_CONVERSION = YES;
				GCC_WARN_ABOUT_RETURN_TYPE = YES_ERROR;
				GCC_WARN_UNDECLARED_SELECTOR = YES;
				GCC_WARN_UNINITIALIZED_AUTOS = YES_AGGRESSIVE;
				GCC_WARN_UNUSED_FUNCTION = YES;
				GCC_WARN_UNUSED_VARIABLE = YES;
				IPHONEOS_DEPLOYMENT_TARGET = 14.4;
				MTL_ENABLE_DEBUG_INFO = INCLUDE_SOURCE;
				MTL_FAST_MATH = YES;
				ONLY_ACTIVE_ARCH = YES;
				SDKROOT = iphoneos;
				SWIFT_ACTIVE_COMPILATION_CONDITIONS = DEBUG;
				SWIFT_OPTIMIZATION_LEVEL = "-Onone";
			};
			name = Debug;
		};
		348A9D3425E84C86005B7D73 /* Release */ = {
			isa = XCBuildConfiguration;
			buildSettings = {
				ALWAYS_EMBED_SWIFT_STANDARD_LIBRARIES = "$(inherited)";
				ALWAYS_SEARCH_USER_PATHS = NO;
				CLANG_ANALYZER_NONNULL = YES;
				CLANG_ANALYZER_NUMBER_OBJECT_CONVERSION = YES_AGGRESSIVE;
				CLANG_CXX_LANGUAGE_STANDARD = "gnu++14";
				CLANG_CXX_LIBRARY = "libc++";
				CLANG_ENABLE_MODULES = YES;
				CLANG_ENABLE_OBJC_ARC = YES;
				CLANG_ENABLE_OBJC_WEAK = YES;
				CLANG_WARN_BLOCK_CAPTURE_AUTORELEASING = YES;
				CLANG_WARN_BOOL_CONVERSION = YES;
				CLANG_WARN_COMMA = YES;
				CLANG_WARN_CONSTANT_CONVERSION = YES;
				CLANG_WARN_DEPRECATED_OBJC_IMPLEMENTATIONS = YES;
				CLANG_WARN_DIRECT_OBJC_ISA_USAGE = YES_ERROR;
				CLANG_WARN_DOCUMENTATION_COMMENTS = YES;
				CLANG_WARN_EMPTY_BODY = YES;
				CLANG_WARN_ENUM_CONVERSION = YES;
				CLANG_WARN_INFINITE_RECURSION = YES;
				CLANG_WARN_INT_CONVERSION = YES;
				CLANG_WARN_NON_LITERAL_NULL_CONVERSION = YES;
				CLANG_WARN_OBJC_IMPLICIT_RETAIN_SELF = YES;
				CLANG_WARN_OBJC_LITERAL_CONVERSION = YES;
				CLANG_WARN_OBJC_ROOT_CLASS = YES_ERROR;
				CLANG_WARN_QUOTED_INCLUDE_IN_FRAMEWORK_HEADER = YES;
				CLANG_WARN_RANGE_LOOP_ANALYSIS = YES;
				CLANG_WARN_STRICT_PROTOTYPES = YES;
				CLANG_WARN_SUSPICIOUS_MOVE = YES;
				CLANG_WARN_UNGUARDED_AVAILABILITY = YES_AGGRESSIVE;
				CLANG_WARN_UNREACHABLE_CODE = YES;
				CLANG_WARN__DUPLICATE_METHOD_MATCH = YES;
				COPY_PHASE_STRIP = NO;
				DEBUG_INFORMATION_FORMAT = "dwarf-with-dsym";
				ENABLE_NS_ASSERTIONS = NO;
				ENABLE_STRICT_OBJC_MSGSEND = YES;
				GCC_C_LANGUAGE_STANDARD = gnu11;
				GCC_NO_COMMON_BLOCKS = YES;
				GCC_WARN_64_TO_32_BIT_CONVERSION = YES;
				GCC_WARN_ABOUT_RETURN_TYPE = YES_ERROR;
				GCC_WARN_UNDECLARED_SELECTOR = YES;
				GCC_WARN_UNINITIALIZED_AUTOS = YES_AGGRESSIVE;
				GCC_WARN_UNUSED_FUNCTION = YES;
				GCC_WARN_UNUSED_VARIABLE = YES;
				IPHONEOS_DEPLOYMENT_TARGET = 14.4;
				MTL_ENABLE_DEBUG_INFO = NO;
				MTL_FAST_MATH = YES;
				SDKROOT = iphoneos;
				SWIFT_COMPILATION_MODE = wholemodule;
				SWIFT_OPTIMIZATION_LEVEL = "-O";
				VALIDATE_PRODUCT = YES;
			};
			name = Release;
		};
		348A9D3625E84C86005B7D73 /* Debug */ = {
			isa = XCBuildConfiguration;
			baseConfigurationReference = D45A8F4FF9950678F4E828D1 /* Pods-COCO.debug.xcconfig */;
			buildSettings = {
				ASSETCATALOG_COMPILER_APPICON_NAME = AppIcon;
				ASSETCATALOG_COMPILER_GLOBAL_ACCENT_COLOR_NAME = AccentColor;
				CODE_SIGN_STYLE = Automatic;
				DEVELOPMENT_TEAM = DTUTGY3V82;
				ENABLE_BITCODE = NO;
				INFOPLIST_FILE = COCO/Info.plist;
				LD_RUNPATH_SEARCH_PATHS = (
					"$(inherited)",
					"@executable_path/Frameworks",
				);
				PRODUCT_BUNDLE_IDENTIFIER = tintin.COCO;
				PRODUCT_NAME = "$(TARGET_NAME)";
				SWIFT_VERSION = 5.0;
				TARGETED_DEVICE_FAMILY = "1,2";
			};
			name = Debug;
		};
		348A9D3725E84C86005B7D73 /* Release */ = {
			isa = XCBuildConfiguration;
			baseConfigurationReference = 3557AA4AB0BA8FB971B08CF9 /* Pods-COCO.release.xcconfig */;
			buildSettings = {
				ASSETCATALOG_COMPILER_APPICON_NAME = AppIcon;
				ASSETCATALOG_COMPILER_GLOBAL_ACCENT_COLOR_NAME = AccentColor;
				CODE_SIGN_STYLE = Automatic;
				DEVELOPMENT_TEAM = DTUTGY3V82;
				ENABLE_BITCODE = NO;
				INFOPLIST_FILE = COCO/Info.plist;
				LD_RUNPATH_SEARCH_PATHS = (
					"$(inherited)",
					"@executable_path/Frameworks",
				);
				PRODUCT_BUNDLE_IDENTIFIER = tintin.COCO;
				PRODUCT_NAME = "$(TARGET_NAME)";
				SWIFT_VERSION = 5.0;
				TARGETED_DEVICE_FAMILY = "1,2";
			};
			name = Release;
		};
		348A9D3925E84C86005B7D73 /* Debug */ = {
			isa = XCBuildConfiguration;
			baseConfigurationReference = 2D86E9749787BACCF61EE82B /* Pods-COCOTests.debug.xcconfig */;
			buildSettings = {
				ALWAYS_EMBED_SWIFT_STANDARD_LIBRARIES = YES;
				BUNDLE_LOADER = "$(TEST_HOST)";
				"CODE_SIGN_IDENTITY[sdk=macosx*]" = "Apple Development";
				CODE_SIGN_STYLE = Automatic;
				DEVELOPMENT_TEAM = DTUTGY3V82;
				INFOPLIST_FILE = COCOTests/Info.plist;
				IPHONEOS_DEPLOYMENT_TARGET = 14.4;
				LD_RUNPATH_SEARCH_PATHS = (
					"$(inherited)",
					"@executable_path/Frameworks",
					"@loader_path/Frameworks",
				);
				PRODUCT_BUNDLE_IDENTIFIER = tintin.COCOTests;
				PRODUCT_NAME = "$(TARGET_NAME)";
				SWIFT_VERSION = 5.0;
				TARGETED_DEVICE_FAMILY = "1,2";
				TEST_HOST = "$(BUILT_PRODUCTS_DIR)/COCO.app/COCO";
			};
			name = Debug;
		};
		348A9D3A25E84C86005B7D73 /* Release */ = {
			isa = XCBuildConfiguration;
			baseConfigurationReference = C261057B8D846AEAF3F72CDF /* Pods-COCOTests.release.xcconfig */;
			buildSettings = {
				ALWAYS_EMBED_SWIFT_STANDARD_LIBRARIES = YES;
				BUNDLE_LOADER = "$(TEST_HOST)";
				"CODE_SIGN_IDENTITY[sdk=macosx*]" = "Apple Development";
				CODE_SIGN_STYLE = Automatic;
				DEVELOPMENT_TEAM = DTUTGY3V82;
				INFOPLIST_FILE = COCOTests/Info.plist;
				IPHONEOS_DEPLOYMENT_TARGET = 14.4;
				LD_RUNPATH_SEARCH_PATHS = (
					"$(inherited)",
					"@executable_path/Frameworks",
					"@loader_path/Frameworks",
				);
				PRODUCT_BUNDLE_IDENTIFIER = tintin.COCOTests;
				PRODUCT_NAME = "$(TARGET_NAME)";
				SWIFT_VERSION = 5.0;
				TARGETED_DEVICE_FAMILY = "1,2";
				TEST_HOST = "$(BUILT_PRODUCTS_DIR)/COCO.app/COCO";
			};
			name = Release;
		};
		348A9D3C25E84C86005B7D73 /* Debug */ = {
			isa = XCBuildConfiguration;
			baseConfigurationReference = 56E8EBC76640BB29472F3842 /* Pods-COCO-COCOUITests.debug.xcconfig */;
			buildSettings = {
				ALWAYS_EMBED_SWIFT_STANDARD_LIBRARIES = "$(inherited)";
				"CODE_SIGN_IDENTITY[sdk=macosx*]" = "Apple Development";
				CODE_SIGN_STYLE = Automatic;
				DEVELOPMENT_TEAM = DTUTGY3V82;
				INFOPLIST_FILE = COCOUITests/Info.plist;
				LD_RUNPATH_SEARCH_PATHS = (
					"$(inherited)",
					"@executable_path/Frameworks",
					"@loader_path/Frameworks",
				);
				PRODUCT_BUNDLE_IDENTIFIER = tintin.COCOUITests;
				PRODUCT_NAME = "$(TARGET_NAME)";
				SWIFT_VERSION = 5.0;
				TARGETED_DEVICE_FAMILY = "1,2";
				TEST_TARGET_NAME = COCO;
			};
			name = Debug;
		};
		348A9D3D25E84C86005B7D73 /* Release */ = {
			isa = XCBuildConfiguration;
			baseConfigurationReference = 4E29A6D12BB835D5E78E5A70 /* Pods-COCO-COCOUITests.release.xcconfig */;
			buildSettings = {
				ALWAYS_EMBED_SWIFT_STANDARD_LIBRARIES = "$(inherited)";
				"CODE_SIGN_IDENTITY[sdk=macosx*]" = "Apple Development";
				CODE_SIGN_STYLE = Automatic;
				DEVELOPMENT_TEAM = DTUTGY3V82;
				INFOPLIST_FILE = COCOUITests/Info.plist;
				LD_RUNPATH_SEARCH_PATHS = (
					"$(inherited)",
					"@executable_path/Frameworks",
					"@loader_path/Frameworks",
				);
				PRODUCT_BUNDLE_IDENTIFIER = tintin.COCOUITests;
				PRODUCT_NAME = "$(TARGET_NAME)";
				SWIFT_VERSION = 5.0;
				TARGETED_DEVICE_FAMILY = "1,2";
				TEST_TARGET_NAME = COCO;
			};
			name = Release;
		};
/* End XCBuildConfiguration section */

/* Begin XCConfigurationList section */
		348A9D0625E84C84005B7D73 /* Build configuration list for PBXProject "COCO" */ = {
			isa = XCConfigurationList;
			buildConfigurations = (
				348A9D3325E84C86005B7D73 /* Debug */,
				348A9D3425E84C86005B7D73 /* Release */,
			);
			defaultConfigurationIsVisible = 0;
			defaultConfigurationName = Release;
		};
		348A9D3525E84C86005B7D73 /* Build configuration list for PBXNativeTarget "COCO" */ = {
			isa = XCConfigurationList;
			buildConfigurations = (
				348A9D3625E84C86005B7D73 /* Debug */,
				348A9D3725E84C86005B7D73 /* Release */,
			);
			defaultConfigurationIsVisible = 0;
			defaultConfigurationName = Release;
		};
		348A9D3825E84C86005B7D73 /* Build configuration list for PBXNativeTarget "COCOTests" */ = {
			isa = XCConfigurationList;
			buildConfigurations = (
				348A9D3925E84C86005B7D73 /* Debug */,
				348A9D3A25E84C86005B7D73 /* Release */,
			);
			defaultConfigurationIsVisible = 0;
			defaultConfigurationName = Release;
		};
		348A9D3B25E84C86005B7D73 /* Build configuration list for PBXNativeTarget "COCOUITests" */ = {
			isa = XCConfigurationList;
			buildConfigurations = (
				348A9D3C25E84C86005B7D73 /* Debug */,
				348A9D3D25E84C86005B7D73 /* Release */,
			);
			defaultConfigurationIsVisible = 0;
			defaultConfigurationName = Release;
		};
/* End XCConfigurationList section */
	};
	rootObject = 348A9D0325E84C84005B7D73 /* Project object */;
}
